// !$*UTF8*$!
{
	archiveVersion = 1;
	classes = {
	};
	objectVersion = 46;
	objects = {

/* Begin PBXBuildFile section */
		D8254DD01F5076CC001F2216 /* main.m in Sources */ = {isa = PBXBuildFile; fileRef = D8254DCF1F5076CC001F2216 /* main.m */; };
		D8254DD31F5076CC001F2216 /* AppDelegate.m in Sources */ = {isa = PBXBuildFile; fileRef = D8254DD21F5076CC001F2216 /* AppDelegate.m */; };
		D8254DD91F5076CC001F2216 /* Main.storyboard in Resources */ = {isa = PBXBuildFile; fileRef = D8254DD71F5076CC001F2216 /* Main.storyboard */; };
		D8254DDB1F5076CC001F2216 /* Assets.xcassets in Resources */ = {isa = PBXBuildFile; fileRef = D8254DDA1F5076CC001F2216 /* Assets.xcassets */; };
		D8254DDE1F5076CC001F2216 /* LaunchScreen.storyboard in Resources */ = {isa = PBXBuildFile; fileRef = D8254DDC1F5076CC001F2216 /* LaunchScreen.storyboard */; };
		D8254DE81F50788E001F2216 /* JLMovie.m in Sources */ = {isa = PBXBuildFile; fileRef = D8254DE71F50788E001F2216 /* JLMovie.m */; };
		D8254DEB1F50789F001F2216 /* JLMovieController.m in Sources */ = {isa = PBXBuildFile; fileRef = D8254DEA1F50789F001F2216 /* JLMovieController.m */; };
		D8254DEE1F50790C001F2216 /* JLNetworkController.m in Sources */ = {isa = PBXBuildFile; fileRef = D8254DED1F50790C001F2216 /* JLNetworkController.m */; };
		D8254DF41F5092F1001F2216 /* MoviesTableViewController.swift in Sources */ = {isa = PBXBuildFile; fileRef = D8254DF31F5092F1001F2216 /* MoviesTableViewController.swift */; };
		D8F0629F1F50975000887DD7 /* MovieTableViewCell.swift in Sources */ = {isa = PBXBuildFile; fileRef = D8F0629E1F50975000887DD7 /* MovieTableViewCell.swift */; };
/* End PBXBuildFile section */

/* Begin PBXFileReference section */
		D8254DCB1F5076CC001F2216 /* MovieC.app */ = {isa = PBXFileReference; explicitFileType = wrapper.application; includeInIndex = 0; path = MovieC.app; sourceTree = BUILT_PRODUCTS_DIR; };
		D8254DCF1F5076CC001F2216 /* main.m */ = {isa = PBXFileReference; lastKnownFileType = sourcecode.c.objc; path = main.m; sourceTree = "<group>"; };
		D8254DD11F5076CC001F2216 /* AppDelegate.h */ = {isa = PBXFileReference; lastKnownFileType = sourcecode.c.h; path = AppDelegate.h; sourceTree = "<group>"; };
		D8254DD21F5076CC001F2216 /* AppDelegate.m */ = {isa = PBXFileReference; lastKnownFileType = sourcecode.c.objc; path = AppDelegate.m; sourceTree = "<group>"; };
		D8254DD81F5076CC001F2216 /* Base */ = {isa = PBXFileReference; lastKnownFileType = file.storyboard; name = Base; path = Base.lproj/Main.storyboard; sourceTree = "<group>"; };
		D8254DDA1F5076CC001F2216 /* Assets.xcassets */ = {isa = PBXFileReference; lastKnownFileType = folder.assetcatalog; path = Assets.xcassets; sourceTree = "<group>"; };
		D8254DDD1F5076CC001F2216 /* Base */ = {isa = PBXFileReference; lastKnownFileType = file.storyboard; name = Base; path = Base.lproj/LaunchScreen.storyboard; sourceTree = "<group>"; };
		D8254DDF1F5076CC001F2216 /* Info.plist */ = {isa = PBXFileReference; lastKnownFileType = text.plist.xml; path = Info.plist; sourceTree = "<group>"; };
		D8254DE61F50788E001F2216 /* JLMovie.h */ = {isa = PBXFileReference; fileEncoding = 4; lastKnownFileType = sourcecode.c.h; path = JLMovie.h; sourceTree = "<group>"; };
		D8254DE71F50788E001F2216 /* JLMovie.m */ = {isa = PBXFileReference; fileEncoding = 4; lastKnownFileType = sourcecode.c.objc; path = JLMovie.m; sourceTree = "<group>"; };
		D8254DE91F50789F001F2216 /* JLMovieController.h */ = {isa = PBXFileReference; fileEncoding = 4; lastKnownFileType = sourcecode.c.h; path = JLMovieController.h; sourceTree = "<group>"; };
		D8254DEA1F50789F001F2216 /* JLMovieController.m */ = {isa = PBXFileReference; fileEncoding = 4; lastKnownFileType = sourcecode.c.objc; path = JLMovieController.m; sourceTree = "<group>"; };
		D8254DEC1F50790C001F2216 /* JLNetworkController.h */ = {isa = PBXFileReference; fileEncoding = 4; lastKnownFileType = sourcecode.c.h; path = JLNetworkController.h; sourceTree = "<group>"; };
		D8254DED1F50790C001F2216 /* JLNetworkController.m */ = {isa = PBXFileReference; fileEncoding = 4; lastKnownFileType = sourcecode.c.objc; path = JLNetworkController.m; sourceTree = "<group>"; };
		D8254DF21F5092F1001F2216 /* MovieC-Bridging-Header.h */ = {isa = PBXFileReference; lastKnownFileType = sourcecode.c.h; path = "MovieC-Bridging-Header.h"; sourceTree = "<group>"; };
		D8254DF31F5092F1001F2216 /* MoviesTableViewController.swift */ = {isa = PBXFileReference; fileEncoding = 4; lastKnownFileType = sourcecode.swift; path = MoviesTableViewController.swift; sourceTree = "<group>"; };
		D8F0629E1F50975000887DD7 /* MovieTableViewCell.swift */ = {isa = PBXFileReference; fileEncoding = 4; lastKnownFileType = sourcecode.swift; path = MovieTableViewCell.swift; sourceTree = "<group>"; };
/* End PBXFileReference section */

/* Begin PBXFrameworksBuildPhase section */
		D8254DC81F5076CC001F2216 /* Frameworks */ = {
			isa = PBXFrameworksBuildPhase;
			buildActionMask = 2147483647;
			files = (
			);
			runOnlyForDeploymentPostprocessing = 0;
		};
/* End PBXFrameworksBuildPhase section */

/* Begin PBXGroup section */
		D8254DC21F5076CC001F2216 = {
			isa = PBXGroup;
			children = (
				D8254DCD1F5076CC001F2216 /* MovieC */,
				D8254DCC1F5076CC001F2216 /* Products */,
			);
			sourceTree = "<group>";
		};
		D8254DCC1F5076CC001F2216 /* Products */ = {
			isa = PBXGroup;
			children = (
				D8254DCB1F5076CC001F2216 /* MovieC.app */,
			);
			name = Products;
			sourceTree = "<group>";
		};
		D8254DCD1F5076CC001F2216 /* MovieC */ = {
			isa = PBXGroup;
			children = (
				D8254DD11F5076CC001F2216 /* AppDelegate.h */,
				D8254DD21F5076CC001F2216 /* AppDelegate.m */,
				D83E7AE71F50964F00452992 /* UI */,
				D8254DF11F50818A001F2216 /* Model */,
				D8254DF01F508182001F2216 /* Model Controller */,
				D8254DEF1F50817B001F2216 /* Network Controller */,
				D8254DE51F5076D6001F2216 /* Resources */,
				D8254DCE1F5076CC001F2216 /* Supporting Files */,
			);
			path = MovieC;
			sourceTree = "<group>";
		};
		D8254DCE1F5076CC001F2216 /* Supporting Files */ = {
			isa = PBXGroup;
			children = (
				D8254DF21F5092F1001F2216 /* MovieC-Bridging-Header.h */,
				D8254DCF1F5076CC001F2216 /* main.m */,
			);
			name = "Supporting Files";
			sourceTree = "<group>";
		};
		D8254DE51F5076D6001F2216 /* Resources */ = {
			isa = PBXGroup;
			children = (
				D8254DDA1F5076CC001F2216 /* Assets.xcassets */,
				D8254DDC1F5076CC001F2216 /* LaunchScreen.storyboard */,
				D8254DDF1F5076CC001F2216 /* Info.plist */,
			);
			name = Resources;
			sourceTree = "<group>";
		};
		D8254DEF1F50817B001F2216 /* Network Controller */ = {
			isa = PBXGroup;
			children = (
				D8254DEC1F50790C001F2216 /* JLNetworkController.h */,
				D8254DED1F50790C001F2216 /* JLNetworkController.m */,
			);
			name = "Network Controller";
			sourceTree = "<group>";
		};
		D8254DF01F508182001F2216 /* Model Controller */ = {
			isa = PBXGroup;
			children = (
				D8254DE91F50789F001F2216 /* JLMovieController.h */,
				D8254DEA1F50789F001F2216 /* JLMovieController.m */,
			);
			name = "Model Controller";
			sourceTree = "<group>";
		};
		D8254DF11F50818A001F2216 /* Model */ = {
			isa = PBXGroup;
			children = (
				D8254DE61F50788E001F2216 /* JLMovie.h */,
				D8254DE71F50788E001F2216 /* JLMovie.m */,
			);
			name = Model;
			sourceTree = "<group>";
		};
		D83E7AE71F50964F00452992 /* UI */ = {
			isa = PBXGroup;
			children = (
				D8254DD71F5076CC001F2216 /* Main.storyboard */,
				D8254DF31F5092F1001F2216 /* MoviesTableViewController.swift */,
				D8F0629E1F50975000887DD7 /* MovieTableViewCell.swift */,
			);
			name = UI;
			sourceTree = "<group>";
		};
/* End PBXGroup section */

/* Begin PBXNativeTarget section */
		D8254DCA1F5076CC001F2216 /* MovieC */ = {
			isa = PBXNativeTarget;
			buildConfigurationList = D8254DE21F5076CC001F2216 /* Build configuration list for PBXNativeTarget "MovieC" */;
			buildPhases = (
				D8254DC71F5076CC001F2216 /* Sources */,
				D8254DC81F5076CC001F2216 /* Frameworks */,
				D8254DC91F5076CC001F2216 /* Resources */,
			);
			buildRules = (
			);
			dependencies = (
			);
			name = MovieC;
			productName = MovieC;
			productReference = D8254DCB1F5076CC001F2216 /* MovieC.app */;
			productType = "com.apple.product-type.application";
		};
/* End PBXNativeTarget section */

/* Begin PBXProject section */
		D8254DC31F5076CC001F2216 /* Project object */ = {
			isa = PBXProject;
			attributes = {
				CLASSPREFIX = JL;
				LastUpgradeCheck = 0830;
				ORGANIZATIONNAME = "Joe Lucero";
				TargetAttributes = {
					D8254DCA1F5076CC001F2216 = {
						CreatedOnToolsVersion = 8.3.3;
						DevelopmentTeam = 53BVAZ8K9G;
						LastSwiftMigration = 0830;
						ProvisioningStyle = Automatic;
					};
				};
			};
			buildConfigurationList = D8254DC61F5076CC001F2216 /* Build configuration list for PBXProject "MovieC" */;
			compatibilityVersion = "Xcode 3.2";
			developmentRegion = English;
			hasScannedForEncodings = 0;
			knownRegions = (
				en,
				Base,
			);
			mainGroup = D8254DC21F5076CC001F2216;
			productRefGroup = D8254DCC1F5076CC001F2216 /* Products */;
			projectDirPath = "";
			projectRoot = "";
			targets = (
				D8254DCA1F5076CC001F2216 /* MovieC */,
			);
		};
/* End PBXProject section */

/* Begin PBXResourcesBuildPhase section */
		D8254DC91F5076CC001F2216 /* Resources */ = {
			isa = PBXResourcesBuildPhase;
			buildActionMask = 2147483647;
			files = (
				D8254DDE1F5076CC001F2216 /* LaunchScreen.storyboard in Resources */,
				D8254DDB1F5076CC001F2216 /* Assets.xcassets in Resources */,
				D8254DD91F5076CC001F2216 /* Main.storyboard in Resources */,
			);
			runOnlyForDeploymentPostprocessing = 0;
		};
/* End PBXResourcesBuildPhase section */

/* Begin PBXSourcesBuildPhase section */
		D8254DC71F5076CC001F2216 /* Sources */ = {
			isa = PBXSourcesBuildPhase;
			buildActionMask = 2147483647;
			files = (
				D8254DF41F5092F1001F2216 /* MoviesTableViewController.swift in Sources */,
				D8254DEB1F50789F001F2216 /* JLMovieController.m in Sources */,
				D8F0629F1F50975000887DD7 /* MovieTableViewCell.swift in Sources */,
				D8254DE81F50788E001F2216 /* JLMovie.m in Sources */,
				D8254DD31F5076CC001F2216 /* AppDelegate.m in Sources */,
				D8254DD01F5076CC001F2216 /* main.m in Sources */,
				D8254DEE1F50790C001F2216 /* JLNetworkController.m in Sources */,
			);
			runOnlyForDeploymentPostprocessing = 0;
		};
/* End PBXSourcesBuildPhase section */

/* Begin PBXVariantGroup section */
		D8254DD71F5076CC001F2216 /* Main.storyboard */ = {
			isa = PBXVariantGroup;
			children = (
				D8254DD81F5076CC001F2216 /* Base */,
			);
			name = Main.storyboard;
			sourceTree = "<group>";
		};
		D8254DDC1F5076CC001F2216 /* LaunchScreen.storyboard */ = {
			isa = PBXVariantGroup;
			children = (
				D8254DDD1F5076CC001F2216 /* Base */,
			);
			name = LaunchScreen.storyboard;
			sourceTree = "<group>";
		};
/* End PBXVariantGroup section */

/* Begin XCBuildConfiguration section */
		D8254DE01F5076CC001F2216 /* Debug */ = {
			isa = XCBuildConfiguration;
			buildSettings = {
				ALWAYS_SEARCH_USER_PATHS = NO;
				CLANG_ANALYZER_NONNULL = YES;
				CLANG_ANALYZER_NUMBER_OBJECT_CONVERSION = YES_AGGRESSIVE;
				CLANG_CXX_LANGUAGE_STANDARD = "gnu++0x";
				CLANG_CXX_LIBRARY = "libc++";
				CLANG_ENABLE_MODULES = YES;
				CLANG_ENABLE_OBJC_ARC = YES;
				CLANG_WARN_BOOL_CONVERSION = YES;
				CLANG_WARN_CONSTANT_CONVERSION = YES;
				CLANG_WARN_DIRECT_OBJC_ISA_USAGE = YES_ERROR;
				CLANG_WARN_DOCUMENTATION_COMMENTS = YES;
				CLANG_WARN_EMPTY_BODY = YES;
				CLANG_WARN_ENUM_CONVERSION = YES;
				CLANG_WARN_INFINITE_RECURSION = YES;
				CLANG_WARN_INT_CONVERSION = YES;
				CLANG_WARN_OBJC_ROOT_CLASS = YES_ERROR;
				CLANG_WARN_SUSPICIOUS_MOVE = YES;
				CLANG_WARN_UNREACHABLE_CODE = YES;
				CLANG_WARN__DUPLICATE_METHOD_MATCH = YES;
				"CODE_SIGN_IDENTITY[sdk=iphoneos*]" = "iPhone Developer";
				COPY_PHASE_STRIP = NO;
				DEBUG_INFORMATION_FORMAT = dwarf;
				ENABLE_STRICT_OBJC_MSGSEND = YES;
				ENABLE_TESTABILITY = YES;
				GCC_C_LANGUAGE_STANDARD = gnu99;
				GCC_DYNAMIC_NO_PIC = NO;
				GCC_NO_COMMON_BLOCKS = YES;
				GCC_OPTIMIZATION_LEVEL = 0;
				GCC_PREPROCESSOR_DEFINITIONS = (
					"DEBUG=1",
					"$(inherited)",
				);
				GCC_WARN_64_TO_32_BIT_CONVERSION = YES;
				GCC_WARN_ABOUT_RETURN_TYPE = YES_ERROR;
				GCC_WARN_UNDECLARED_SELECTOR = YES;
				GCC_WARN_UNINITIALIZED_AUTOS = YES_AGGRESSIVE;
				GCC_WARN_UNUSED_FUNCTION = YES;
				GCC_WARN_UNUSED_VARIABLE = YES;
				IPHONEOS_DEPLOYMENT_TARGET = 10.3;
				MTL_ENABLE_DEBUG_INFO = YES;
				ONLY_ACTIVE_ARCH = YES;
				SDKROOT = iphoneos;
			};
			name = Debug;
		};
		D8254DE11F5076CC001F2216 /* Release */ = {
			isa = XCBuildConfiguration;
			buildSettings = {
				ALWAYS_SEARCH_USER_PATHS = NO;
				CLANG_ANALYZER_NONNULL = YES;
				CLANG_ANALYZER_NUMBER_OBJECT_CONVERSION = YES_AGGRESSIVE;
				CLANG_CXX_LANGUAGE_STANDARD = "gnu++0x";
				CLANG_CXX_LIBRARY = "libc++";
				CLANG_ENABLE_MODULES = YES;
				CLANG_ENABLE_OBJC_ARC = YES;
				CLANG_WARN_BOOL_CONVERSION = YES;
				CLANG_WARN_CONSTANT_CONVERSION = YES;
				CLANG_WARN_DIRECT_OBJC_ISA_USAGE = YES_ERROR;
				CLANG_WARN_DOCUMENTATION_COMMENTS = YES;
				CLANG_WARN_EMPTY_BODY = YES;
				CLANG_WARN_ENUM_CONVERSION = YES;
				CLANG_WARN_INFINITE_RECURSION = YES;
				CLANG_WARN_INT_CONVERSION = YES;
				CLANG_WARN_OBJC_ROOT_CLASS = YES_ERROR;
				CLANG_WARN_SUSPICIOUS_MOVE = YES;
				CLANG_WARN_UNREACHABLE_CODE = YES;
				CLANG_WARN__DUPLICATE_METHOD_MATCH = YES;
				"CODE_SIGN_IDENTITY[sdk=iphoneos*]" = "iPhone Developer";
				COPY_PHASE_STRIP = NO;
				DEBUG_INFORMATION_FORMAT = "dwarf-with-dsym";
				ENABLE_NS_ASSERTIONS = NO;
				ENABLE_STRICT_OBJC_MSGSEND = YES;
				GCC_C_LANGUAGE_STANDARD = gnu99;
				GCC_NO_COMMON_BLOCKS = YES;
				GCC_WARN_64_TO_32_BIT_CONVERSION = YES;
				GCC_WARN_ABOUT_RETURN_TYPE = YES_ERROR;
				GCC_WARN_UNDECLARED_SELECTOR = YES;
				GCC_WARN_UNINITIALIZED_AUTOS = YES_AGGRESSIVE;
				GCC_WARN_UNUSED_FUNCTION = YES;
				GCC_WARN_UNUSED_VARIABLE = YES;
				IPHONEOS_DEPLOYMENT_TARGET = 10.3;
				MTL_ENABLE_DEBUG_INFO = NO;
				SDKROOT = iphoneos;
				VALIDATE_PRODUCT = YES;
			};
			name = Release;
		};
		D8254DE31F5076CC001F2216 /* Debug */ = {
			isa = XCBuildConfiguration;
			buildSettings = {
				ASSETCATALOG_COMPILER_APPICON_NAME = AppIcon;
				CLANG_ENABLE_MODULES = YES;
				DEVELOPMENT_TEAM = 53BVAZ8K9G;
				INFOPLIST_FILE = MovieC/Info.plist;
				LD_RUNPATH_SEARCH_PATHS = "$(inherited) @executable_path/Frameworks";
				PRODUCT_BUNDLE_IDENTIFIER = com.iOSDevelopr.MovieC;
				PRODUCT_NAME = "$(TARGET_NAME)";
				SWIFT_OBJC_BRIDGING_HEADER = "MovieC/MovieC-Bridging-Header.h";
				SWIFT_OPTIMIZATION_LEVEL = "-Onone";
				SWIFT_VERSION = 3.0;
			};
			name = Debug;
		};
		D8254DE41F5076CC001F2216 /* Release */ = {
			isa = XCBuildConfiguration;
			buildSettings = {
				ASSETCATALOG_COMPILER_APPICON_NAME = AppIcon;
				CLANG_ENABLE_MODULES = YES;
				DEVELOPMENT_TEAM = 53BVAZ8K9G;
				INFOPLIST_FILE = MovieC/Info.plist;
				LD_RUNPATH_SEARCH_PATHS = "$(inherited) @executable_path/Frameworks";
				PRODUCT_BUNDLE_IDENTIFIER = com.iOSDevelopr.MovieC;
				PRODUCT_NAME = "$(TARGET_NAME)";
				SWIFT_OBJC_BRIDGING_HEADER = "MovieC/MovieC-Bridging-Header.h";
				SWIFT_VERSION = 3.0;
			};
			name = Release;
		};
/* End XCBuildConfiguration section */

/* Begin XCConfigurationList section */
		D8254DC61F5076CC001F2216 /* Build configuration list for PBXProject "MovieC" */ = {
			isa = XCConfigurationList;
			buildConfigurations = (
				D8254DE01F5076CC001F2216 /* Debug */,
				D8254DE11F5076CC001F2216 /* Release */,
			);
			defaultConfigurationIsVisible = 0;
			defaultConfigurationName = Release;
		};
		D8254DE21F5076CC001F2216 /* Build configuration list for PBXNativeTarget "MovieC" */ = {
			isa = XCConfigurationList;
			buildConfigurations = (
				D8254DE31F5076CC001F2216 /* Debug */,
				D8254DE41F5076CC001F2216 /* Release */,
			);
			defaultConfigurationIsVisible = 0;
			defaultConfigurationName = Release;
		};
/* End XCConfigurationList section */
	};
	rootObject = D8254DC31F5076CC001F2216 /* Project object */;
}
